
Microsoft Visual Studio Solution File, Format Version 12.00
# Visual Studio Version 16
VisualStudioVersion = 16.0.810.15
MinimumVisualStudioVersion = 10.0.40219.1
Project("{FAE04EC0-301F-11D3-BF4B-00C04F79EFBC}") = "gRPC_server_dotnet_6", "gRPC_server_dotnet_6.csproj", "{B25C5A64-8AE1-4F9E-A902-09F129C852C3}"
EndProject
Global
	GlobalSection(SolutionConfigurationPlatforms) = preSolution
		Debug|Any CPU = Debug|Any CPU
		Release|Any CPU = Release|Any CPU
	EndGlobalSection
	GlobalSection(ProjectConfigurationPlatforms) = postSolution
		{B25C5A64-8AE1-4F9E-A902-09F129C852C3}.Debug|Any CPU.ActiveCfg = Debug|Any CPU
		{B25C5A64-8AE1-4F9E-A902-09F129C852C3}.Debug|Any CPU.Build.0 = Debug|Any CPU
		{B25C5A64-8AE1-4F9E-A902-09F129C852C3}.Release|Any CPU.ActiveCfg = Release|Any CPU
		{B25C5A64-8AE1-4F9E-A902-09F129C852C3}.Release|Any CPU.Build.0 = Release|Any CPU
	EndGlobalSection
	GlobalSection(SolutionProperties) = preSolution
		HideSolutionNode = FALSE
	EndGlobalSection
	GlobalSection(ExtensibilityGlobals) = postSolution
		SolutionGuid = {85122C60-A4CD-4393-B973-01AD086ACB60}
	EndGlobalSection
EndGlobal
